Microsoft Visual Studio Solution File, Format Version 12.00
# Visual Studio Version 17
VisualStudioVersion = 17.0.31903.59
MinimumVisualStudioVersion = 10.0.40219.1
Project("{FAE04EC0-301F-11D3-BF4B-00C04F79EFBC}") = "POOI_T2_CruzAlcas", "POOI_T2_CruzAlcas\POOI_T2_CruzAlcas.csproj", "{AEC5C2FB-7C16-4F25-AD71-BAB3856CA737}"
EndProject
Global
	GlobalSection(SolutionConfigurationPlatforms) = preSolution
		Debug|Any CPU = Debug|Any CPU
		Release|Any CPU = Release|Any CPU
	EndGlobalSection
	GlobalSection(ProjectConfigurationPlatforms) = postSolution
		{AEC5C2FB-7C16-4F25-AD71-BAB3856CA737}.Debug|Any CPU.ActiveCfg = Debug|AnyCPU
		{AEC5C2FB-7C16-4F25-AD71-BAB3856CA737}.Debug|Any CPU.Build.0 = Debug|AnyCPU
		{AEC5C2FB-7C16-4F25-AD71-BAB3856CA737}.Release|Any CPU.ActiveCfg = Release|AnyCPU
		{AEC5C2FB-7C16-4F25-AD71-BAB3856CA737}.Release|Any CPU.Build.0 = Release|AnyCPU
	EndGlobalSection
EndGlobal
